{
  "name": "Employee_Tracker",
  "version": "1.0.0",
  "main": "index.js",
  "scripts": {
    "test": "Error: no test specified",
    "watch": "node server.js"
  },
  "repository": {
    "type": "git",
    "url": ""
  },
  "author": "",
  "license": "",
  "bugs": {
    },
  "homepage": "",
  "dependencies": {
    "console.table": "^0.10.0",
    "dotenv": "^8.2.0",
    "inquirer": "^7.3.3",
    "mysql": "^2.18.1"
  },
  "devDependencies": {
    "nodemon": "^2.0.6"
  }
}